
Microsoft Visual Studio Solution File, Format Version 12.00
# Visual Studio Version 16
VisualStudioVersion = 16.0.28721.148
MinimumVisualStudioVersion = 10.0.40219.1
Project("{FAE04EC0-301F-11D3-BF4B-00C04F79EFBC}") = "WebDownloader", "WebDownloader\WebDownloader.csproj", "{21373149-C956-465A-8CB1-F91AF0FE38EA}"
EndProject
Global
	GlobalSection(SolutionConfigurationPlatforms) = preSolution
		Debug|Any CPU = Debug|Any CPU
		Release|Any CPU = Release|Any CPU
	EndGlobalSection
	GlobalSection(ProjectConfigurationPlatforms) = postSolution
		{21373149-C956-465A-8CB1-F91AF0FE38EA}.Debug|Any CPU.ActiveCfg = Debug|Any CPU
		{21373149-C956-465A-8CB1-F91AF0FE38EA}.Debug|Any CPU.Build.0 = Debug|Any CPU
		{21373149-C956-465A-8CB1-F91AF0FE38EA}.Release|Any CPU.ActiveCfg = Release|Any CPU
		{21373149-C956-465A-8CB1-F91AF0FE38EA}.Release|Any CPU.Build.0 = Release|Any CPU
	EndGlobalSection
	GlobalSection(SolutionProperties) = preSolution
		HideSolutionNode = FALSE
	EndGlobalSection
	GlobalSection(ExtensibilityGlobals) = postSolution
		SolutionGuid = {50715B3D-9931-4EE4-AE76-1B3C3851C8A5}
	EndGlobalSection
EndGlobal
